
Microsoft Visual Studio Solution File, Format Version 12.00
# Visual Studio 15
VisualStudioVersion = 15.0.28307.102
MinimumVisualStudioVersion = 10.0.40219.1
Project("{FAE04EC0-301F-11D3-BF4B-00C04F79EFBC}") = "WPFsnejk", "WPFsnejk\WPFsnejk.csproj", "{192DF01D-B6FD-4962-B552-B67CDDFF8898}"
EndProject
Global
	GlobalSection(SolutionConfigurationPlatforms) = preSolution
		Debug|Any CPU = Debug|Any CPU
		Release|Any CPU = Release|Any CPU
	EndGlobalSection
	GlobalSection(ProjectConfigurationPlatforms) = postSolution
		{192DF01D-B6FD-4962-B552-B67CDDFF8898}.Debug|Any CPU.ActiveCfg = Debug|Any CPU
		{192DF01D-B6FD-4962-B552-B67CDDFF8898}.Debug|Any CPU.Build.0 = Debug|Any CPU
		{192DF01D-B6FD-4962-B552-B67CDDFF8898}.Release|Any CPU.ActiveCfg = Release|Any CPU
		{192DF01D-B6FD-4962-B552-B67CDDFF8898}.Release|Any CPU.Build.0 = Release|Any CPU
	EndGlobalSection
	GlobalSection(SolutionProperties) = preSolution
		HideSolutionNode = FALSE
	EndGlobalSection
	GlobalSection(ExtensibilityGlobals) = postSolution
		SolutionGuid = {44F38CD5-E4C7-4BCA-A437-8FBD5D408220}
	EndGlobalSection
EndGlobal
